<?xml version="1.0" encoding="UTF-8" standalone="yes" ?>
<CodeBlocks_project_file>
	<FileVersion major="1" minor="6" />
	<Project>
		<Option title="Tetris" />
		<Option pch_mode="2" />
		<Option compiler="gcc" />
		<Build>
			<Target title="Debug">
				<Option output="bin/Debug/Tetris" prefix_auto="1" extension_auto="1" />
				<Option object_output="obj/Debug/" />
				<Option type="1" />
				<Option compiler="gcc" />
				<Compiler>
					<Add option="-g" />
					<Add option="-DSFML_STATIC" />
				</Compiler>
				<Linker>
					<Add option="-lsfml-graphics -lsfml-window -lsfml-system -std=c++11" />
				</Linker>
			</Target>
			<Target title="Release">
				<Option output="bin/Release/Tetris" prefix_auto="1" extension_auto="1" />
				<Option object_output="obj/Release/" />
				<Option type="1" />
				<Option compiler="gcc" />
				<Compiler>
					<Add option="-O2" />
				</Compiler>
				<Linker>
					<Add option="-s" />
					<Add option="-lsfml-graphics -lsfml-window -lsfml-system -std=c++11" />
				</Linker>
			</Target>
		</Build>
		<Compiler>
			<Add option="-std=c++11" />
			<Add option="-Wall" />
		</Compiler>
		<Unit filename="Application.cpp" />
		<Unit filename="Application.hpp" />
		<Unit filename="Block.cpp" />
		<Unit filename="Block.hpp" />
		<Unit filename="Config.cpp" />
		<Unit filename="Config.hpp" />
		<Unit filename="Grille.cpp" />
		<Unit filename="Grille.hpp" />
		<Unit filename="MotifPiece.cpp" />
		<Unit filename="MotifPiece.hpp" />
		<Unit filename="Piece.cpp" />
		<Unit filename="Piece.hpp" />
		<Unit filename="Scene.cpp" />
		<Unit filename="Scene.hpp" />
		<Unit filename="Tetris.cpp" />
		<Unit filename="Utils.cpp" />
		<Unit filename="Utils.hpp" />
		<Unit filename="essential.hpp" />
		<Extensions>
			<code_completion />
			<envvars />
			<debugger />
			<lib_finder disable_auto="1" />
		</Extensions>
	</Project>
</CodeBlocks_project_file>
